
Microsoft Visual Studio Solution File, Format Version 12.00
# Visual Studio Version 17
VisualStudioVersion = 17.6.33801.468
MinimumVisualStudioVersion = 10.0.40219.1
Project("{9A19103F-16F7-4668-BE54-9A1E7A4F7556}") = "Think9.Web", "Think9.Web\Think9.Web.csproj", "{F554014D-C346-4251-9F11-72DA78506EF9}"
EndProject
Project("{9A19103F-16F7-4668-BE54-9A1E7A4F7556}") = "Think9.Models", "Think9.Model\Think9.Models.csproj", "{B1D36C8D-F084-4AF6-B250-743F7BABB2EF}"
EndProject
Project("{2150E333-8FDC-42A3-9474-1A3956D46DE8}") = "Think9.Service", "Think9.Service", "{29AEF161-06FB-4EE9-8FAD-58833D4F1509}"
EndProject
Project("{2150E333-8FDC-42A3-9474-1A3956D46DE8}") = "Think9.Repository", "Think9.Repository", "{F408C7FB-EB69-4187-A747-AFFBAD8805CC}"
EndProject
Project("{9A19103F-16F7-4668-BE54-9A1E7A4F7556}") = "Think9.Dapper", "Think9.Dapper\Think9.Dapper.csproj", "{FA364D0A-0144-4F6B-80AF-F5233AD1CBE0}"
EndProject
Project("{9A19103F-16F7-4668-BE54-9A1E7A4F7556}") = "Think9.IRepository", "Think9.IRepository\Think9.IRepository.csproj", "{870A9904-B567-4F38-A42B-BF0FAD6D270D}"
EndProject
Project("{9A19103F-16F7-4668-BE54-9A1E7A4F7556}") = "Think9.Repository", "Think9.Repository\Think9.Repository.csproj", "{3BB5F00C-B3F8-423A-869A-A3F2A2D481AD}"
EndProject
Project("{9A19103F-16F7-4668-BE54-9A1E7A4F7556}") = "Think9.Base", "Think9.Base\Think9.Base.csproj", "{F24B1BF1-6926-4072-BB3F-4AA0D3B31C24}"
EndProject
Project("{9A19103F-16F7-4668-BE54-9A1E7A4F7556}") = "Think9.Basic", "Think9.Basic\Think9.Basic.csproj", "{C6907432-BFC2-464A-8DA6-04ADC374DE1C}"
EndProject
Project("{9A19103F-16F7-4668-BE54-9A1E7A4F7556}") = "Think9.ExtApi", "Think9.ExtApi\Think9.ExtApi.csproj", "{980A53CD-68F7-47D4-83A6-73D823519E73}"
EndProject
Project("{9A19103F-16F7-4668-BE54-9A1E7A4F7556}") = "Think9.Util", "Think9.Util\Think9.Util.csproj", "{654314ED-E41F-45B9-8E7A-AD039C7E8569}"
EndProject
Project("{9A19103F-16F7-4668-BE54-9A1E7A4F7556}") = "Think9.Common", "Think9.Common\Think9.Common.csproj", "{8AB5EB6A-F20D-49CB-8306-7DF57C3F2935}"
EndProject
Global
	GlobalSection(SolutionConfigurationPlatforms) = preSolution
		Debug|Any CPU = Debug|Any CPU
		Debug|x64 = Debug|x64
		Debug|x86 = Debug|x86
		Release|Any CPU = Release|Any CPU
		Release|x64 = Release|x64
		Release|x86 = Release|x86
	EndGlobalSection
	GlobalSection(ProjectConfigurationPlatforms) = postSolution
		{F554014D-C346-4251-9F11-72DA78506EF9}.Debug|Any CPU.ActiveCfg = Debug|Any CPU
		{F554014D-C346-4251-9F11-72DA78506EF9}.Debug|Any CPU.Build.0 = Debug|Any CPU
		{F554014D-C346-4251-9F11-72DA78506EF9}.Debug|x64.ActiveCfg = Debug|x64
		{F554014D-C346-4251-9F11-72DA78506EF9}.Debug|x64.Build.0 = Debug|x64
		{F554014D-C346-4251-9F11-72DA78506EF9}.Debug|x86.ActiveCfg = Debug|x86
		{F554014D-C346-4251-9F11-72DA78506EF9}.Debug|x86.Build.0 = Debug|x86
		{F554014D-C346-4251-9F11-72DA78506EF9}.Release|Any CPU.ActiveCfg = Release|Any CPU
		{F554014D-C346-4251-9F11-72DA78506EF9}.Release|Any CPU.Build.0 = Release|Any CPU
		{F554014D-C346-4251-9F11-72DA78506EF9}.Release|x64.ActiveCfg = Release|x64
		{F554014D-C346-4251-9F11-72DA78506EF9}.Release|x64.Build.0 = Release|x64
		{F554014D-C346-4251-9F11-72DA78506EF9}.Release|x86.ActiveCfg = Release|x86
		{F554014D-C346-4251-9F11-72DA78506EF9}.Release|x86.Build.0 = Release|x86
		{B1D36C8D-F084-4AF6-B250-743F7BABB2EF}.Debug|Any CPU.ActiveCfg = Debug|Any CPU
		{B1D36C8D-F084-4AF6-B250-743F7BABB2EF}.Debug|Any CPU.Build.0 = Debug|Any CPU
		{B1D36C8D-F084-4AF6-B250-743F7BABB2EF}.Debug|x64.ActiveCfg = Debug|x64
		{B1D36C8D-F084-4AF6-B250-743F7BABB2EF}.Debug|x64.Build.0 = Debug|x64
		{B1D36C8D-F084-4AF6-B250-743F7BABB2EF}.Debug|x86.ActiveCfg = Debug|x86
		{B1D36C8D-F084-4AF6-B250-743F7BABB2EF}.Debug|x86.Build.0 = Debug|x86
		{B1D36C8D-F084-4AF6-B250-743F7BABB2EF}.Release|Any CPU.ActiveCfg = Release|Any CPU
		{B1D36C8D-F084-4AF6-B250-743F7BABB2EF}.Release|Any CPU.Build.0 = Release|Any CPU
		{B1D36C8D-F084-4AF6-B250-743F7BABB2EF}.Release|x64.ActiveCfg = Release|x64
		{B1D36C8D-F084-4AF6-B250-743F7BABB2EF}.Release|x64.Build.0 = Release|x64
		{B1D36C8D-F084-4AF6-B250-743F7BABB2EF}.Release|x86.ActiveCfg = Release|x86
		{B1D36C8D-F084-4AF6-B250-743F7BABB2EF}.Release|x86.Build.0 = Release|x86
		{FA364D0A-0144-4F6B-80AF-F5233AD1CBE0}.Debug|Any CPU.ActiveCfg = Debug|Any CPU
		{FA364D0A-0144-4F6B-80AF-F5233AD1CBE0}.Debug|Any CPU.Build.0 = Debug|Any CPU
		{FA364D0A-0144-4F6B-80AF-F5233AD1CBE0}.Debug|x64.ActiveCfg = Debug|x64
		{FA364D0A-0144-4F6B-80AF-F5233AD1CBE0}.Debug|x64.Build.0 = Debug|x64
		{FA364D0A-0144-4F6B-80AF-F5233AD1CBE0}.Debug|x86.ActiveCfg = Debug|x86
		{FA364D0A-0144-4F6B-80AF-F5233AD1CBE0}.Debug|x86.Build.0 = Debug|x86
		{FA364D0A-0144-4F6B-80AF-F5233AD1CBE0}.Release|Any CPU.ActiveCfg = Release|Any CPU
		{FA364D0A-0144-4F6B-80AF-F5233AD1CBE0}.Release|Any CPU.Build.0 = Release|Any CPU
		{FA364D0A-0144-4F6B-80AF-F5233AD1CBE0}.Release|x64.ActiveCfg = Release|x64
		{FA364D0A-0144-4F6B-80AF-F5233AD1CBE0}.Release|x64.Build.0 = Release|x64
		{FA364D0A-0144-4F6B-80AF-F5233AD1CBE0}.Release|x86.ActiveCfg = Release|x86
		{FA364D0A-0144-4F6B-80AF-F5233AD1CBE0}.Release|x86.Build.0 = Release|x86
		{870A9904-B567-4F38-A42B-BF0FAD6D270D}.Debug|Any CPU.ActiveCfg = Debug|Any CPU
		{870A9904-B567-4F38-A42B-BF0FAD6D270D}.Debug|Any CPU.Build.0 = Debug|Any CPU
		{870A9904-B567-4F38-A42B-BF0FAD6D270D}.Debug|x64.ActiveCfg = Debug|x64
		{870A9904-B567-4F38-A42B-BF0FAD6D270D}.Debug|x64.Build.0 = Debug|x64
		{870A9904-B567-4F38-A42B-BF0FAD6D270D}.Debug|x86.ActiveCfg = Debug|x86
		{870A9904-B567-4F38-A42B-BF0FAD6D270D}.Debug|x86.Build.0 = Debug|x86
		{870A9904-B567-4F38-A42B-BF0FAD6D270D}.Release|Any CPU.ActiveCfg = Release|Any CPU
		{870A9904-B567-4F38-A42B-BF0FAD6D270D}.Release|Any CPU.Build.0 = Release|Any CPU
		{870A9904-B567-4F38-A42B-BF0FAD6D270D}.Release|x64.ActiveCfg = Release|x64
		{870A9904-B567-4F38-A42B-BF0FAD6D270D}.Release|x64.Build.0 = Release|x64
		{870A9904-B567-4F38-A42B-BF0FAD6D270D}.Release|x86.ActiveCfg = Release|x86
		{870A9904-B567-4F38-A42B-BF0FAD6D270D}.Release|x86.Build.0 = Release|x86
		{3BB5F00C-B3F8-423A-869A-A3F2A2D481AD}.Debug|Any CPU.ActiveCfg = Debug|Any CPU
		{3BB5F00C-B3F8-423A-869A-A3F2A2D481AD}.Debug|Any CPU.Build.0 = Debug|Any CPU
		{3BB5F00C-B3F8-423A-869A-A3F2A2D481AD}.Debug|x64.ActiveCfg = Debug|x64
		{3BB5F00C-B3F8-423A-869A-A3F2A2D481AD}.Debug|x64.Build.0 = Debug|x64
		{3BB5F00C-B3F8-423A-869A-A3F2A2D481AD}.Debug|x86.ActiveCfg = Debug|x86
		{3BB5F00C-B3F8-423A-869A-A3F2A2D481AD}.Debug|x86.Build.0 = Debug|x86
		{3BB5F00C-B3F8-423A-869A-A3F2A2D481AD}.Release|Any CPU.ActiveCfg = Release|Any CPU
		{3BB5F00C-B3F8-423A-869A-A3F2A2D481AD}.Release|Any CPU.Build.0 = Release|Any CPU
		{3BB5F00C-B3F8-423A-869A-A3F2A2D481AD}.Release|x64.ActiveCfg = Release|x64
		{3BB5F00C-B3F8-423A-869A-A3F2A2D481AD}.Release|x64.Build.0 = Release|x64
		{3BB5F00C-B3F8-423A-869A-A3F2A2D481AD}.Release|x86.ActiveCfg = Release|x86
		{3BB5F00C-B3F8-423A-869A-A3F2A2D481AD}.Release|x86.Build.0 = Release|x86
		{F24B1BF1-6926-4072-BB3F-4AA0D3B31C24}.Debug|Any CPU.ActiveCfg = Debug|Any CPU
		{F24B1BF1-6926-4072-BB3F-4AA0D3B31C24}.Debug|Any CPU.Build.0 = Debug|Any CPU
		{F24B1BF1-6926-4072-BB3F-4AA0D3B31C24}.Debug|x64.ActiveCfg = Debug|x64
		{F24B1BF1-6926-4072-BB3F-4AA0D3B31C24}.Debug|x64.Build.0 = Debug|x64
		{F24B1BF1-6926-4072-BB3F-4AA0D3B31C24}.Debug|x86.ActiveCfg = Debug|x86
		{F24B1BF1-6926-4072-BB3F-4AA0D3B31C24}.Debug|x86.Build.0 = Debug|x86
		{F24B1BF1-6926-4072-BB3F-4AA0D3B31C24}.Release|Any CPU.ActiveCfg = Release|Any CPU
		{F24B1BF1-6926-4072-BB3F-4AA0D3B31C24}.Release|Any CPU.Build.0 = Release|Any CPU
		{F24B1BF1-6926-4072-BB3F-4AA0D3B31C24}.Release|x64.ActiveCfg = Release|x64
		{F24B1BF1-6926-4072-BB3F-4AA0D3B31C24}.Release|x64.Build.0 = Release|x64
		{F24B1BF1-6926-4072-BB3F-4AA0D3B31C24}.Release|x86.ActiveCfg = Release|x86
		{F24B1BF1-6926-4072-BB3F-4AA0D3B31C24}.Release|x86.Build.0 = Release|x86
		{C6907432-BFC2-464A-8DA6-04ADC374DE1C}.Debug|Any CPU.ActiveCfg = Debug|Any CPU
		{C6907432-BFC2-464A-8DA6-04ADC374DE1C}.Debug|Any CPU.Build.0 = Debug|Any CPU
		{C6907432-BFC2-464A-8DA6-04ADC374DE1C}.Debug|x64.ActiveCfg = Debug|x64
		{C6907432-BFC2-464A-8DA6-04ADC374DE1C}.Debug|x64.Build.0 = Debug|x64
		{C6907432-BFC2-464A-8DA6-04ADC374DE1C}.Debug|x86.ActiveCfg = Debug|x86
		{C6907432-BFC2-464A-8DA6-04ADC374DE1C}.Debug|x86.Build.0 = Debug|x86
		{C6907432-BFC2-464A-8DA6-04ADC374DE1C}.Release|Any CPU.ActiveCfg = Release|Any CPU
		{C6907432-BFC2-464A-8DA6-04ADC374DE1C}.Release|Any CPU.Build.0 = Release|Any CPU
		{C6907432-BFC2-464A-8DA6-04ADC374DE1C}.Release|x64.ActiveCfg = Release|x64
		{C6907432-BFC2-464A-8DA6-04ADC374DE1C}.Release|x64.Build.0 = Release|x64
		{C6907432-BFC2-464A-8DA6-04ADC374DE1C}.Release|x86.ActiveCfg = Release|x86
		{C6907432-BFC2-464A-8DA6-04ADC374DE1C}.Release|x86.Build.0 = Release|x86
		{980A53CD-68F7-47D4-83A6-73D823519E73}.Debug|Any CPU.ActiveCfg = Debug|Any CPU
		{980A53CD-68F7-47D4-83A6-73D823519E73}.Debug|Any CPU.Build.0 = Debug|Any CPU
		{980A53CD-68F7-47D4-83A6-73D823519E73}.Debug|x64.ActiveCfg = Debug|x64
		{980A53CD-68F7-47D4-83A6-73D823519E73}.Debug|x64.Build.0 = Debug|x64
		{980A53CD-68F7-47D4-83A6-73D823519E73}.Debug|x86.ActiveCfg = Debug|x86
		{980A53CD-68F7-47D4-83A6-73D823519E73}.Debug|x86.Build.0 = Debug|x86
		{980A53CD-68F7-47D4-83A6-73D823519E73}.Release|Any CPU.ActiveCfg = Release|Any CPU
		{980A53CD-68F7-47D4-83A6-73D823519E73}.Release|Any CPU.Build.0 = Release|Any CPU
		{980A53CD-68F7-47D4-83A6-73D823519E73}.Release|x64.ActiveCfg = Release|Any CPU
		{980A53CD-68F7-47D4-83A6-73D823519E73}.Release|x64.Build.0 = Release|Any CPU
		{980A53CD-68F7-47D4-83A6-73D823519E73}.Release|x86.ActiveCfg = Release|x86
		{980A53CD-68F7-47D4-83A6-73D823519E73}.Release|x86.Build.0 = Release|x86
		{654314ED-E41F-45B9-8E7A-AD039C7E8569}.Debug|Any CPU.ActiveCfg = Debug|Any CPU
		{654314ED-E41F-45B9-8E7A-AD039C7E8569}.Debug|Any CPU.Build.0 = Debug|Any CPU
		{654314ED-E41F-45B9-8E7A-AD039C7E8569}.Debug|x64.ActiveCfg = Debug|x64
		{654314ED-E41F-45B9-8E7A-AD039C7E8569}.Debug|x64.Build.0 = Debug|x64
		{654314ED-E41F-45B9-8E7A-AD039C7E8569}.Debug|x86.ActiveCfg = Debug|x86
		{654314ED-E41F-45B9-8E7A-AD039C7E8569}.Debug|x86.Build.0 = Debug|x86
		{654314ED-E41F-45B9-8E7A-AD039C7E8569}.Release|Any CPU.ActiveCfg = Release|Any CPU
		{654314ED-E41F-45B9-8E7A-AD039C7E8569}.Release|Any CPU.Build.0 = Release|Any CPU
		{654314ED-E41F-45B9-8E7A-AD039C7E8569}.Release|x64.ActiveCfg = Release|x64
		{654314ED-E41F-45B9-8E7A-AD039C7E8569}.Release|x64.Build.0 = Release|x64
		{654314ED-E41F-45B9-8E7A-AD039C7E8569}.Release|x86.ActiveCfg = Release|x86
		{654314ED-E41F-45B9-8E7A-AD039C7E8569}.Release|x86.Build.0 = Release|x86
		{8AB5EB6A-F20D-49CB-8306-7DF57C3F2935}.Debug|Any CPU.ActiveCfg = Debug|Any CPU
		{8AB5EB6A-F20D-49CB-8306-7DF57C3F2935}.Debug|Any CPU.Build.0 = Debug|Any CPU
		{8AB5EB6A-F20D-49CB-8306-7DF57C3F2935}.Debug|x64.ActiveCfg = Debug|Any CPU
		{8AB5EB6A-F20D-49CB-8306-7DF57C3F2935}.Debug|x64.Build.0 = Debug|Any CPU
		{8AB5EB6A-F20D-49CB-8306-7DF57C3F2935}.Debug|x86.ActiveCfg = Debug|Any CPU
		{8AB5EB6A-F20D-49CB-8306-7DF57C3F2935}.Debug|x86.Build.0 = Debug|Any CPU
		{8AB5EB6A-F20D-49CB-8306-7DF57C3F2935}.Release|Any CPU.ActiveCfg = Release|Any CPU
		{8AB5EB6A-F20D-49CB-8306-7DF57C3F2935}.Release|Any CPU.Build.0 = Release|Any CPU
		{8AB5EB6A-F20D-49CB-8306-7DF57C3F2935}.Release|x64.ActiveCfg = Release|Any CPU
		{8AB5EB6A-F20D-49CB-8306-7DF57C3F2935}.Release|x64.Build.0 = Release|Any CPU
		{8AB5EB6A-F20D-49CB-8306-7DF57C3F2935}.Release|x86.ActiveCfg = Release|Any CPU
		{8AB5EB6A-F20D-49CB-8306-7DF57C3F2935}.Release|x86.Build.0 = Release|Any CPU
	EndGlobalSection
	GlobalSection(SolutionProperties) = preSolution
		HideSolutionNode = FALSE
	EndGlobalSection
	GlobalSection(NestedProjects) = preSolution
		{FA364D0A-0144-4F6B-80AF-F5233AD1CBE0} = {F408C7FB-EB69-4187-A747-AFFBAD8805CC}
		{870A9904-B567-4F38-A42B-BF0FAD6D270D} = {F408C7FB-EB69-4187-A747-AFFBAD8805CC}
		{3BB5F00C-B3F8-423A-869A-A3F2A2D481AD} = {F408C7FB-EB69-4187-A747-AFFBAD8805CC}
		{F24B1BF1-6926-4072-BB3F-4AA0D3B31C24} = {29AEF161-06FB-4EE9-8FAD-58833D4F1509}
		{C6907432-BFC2-464A-8DA6-04ADC374DE1C} = {29AEF161-06FB-4EE9-8FAD-58833D4F1509}
		{980A53CD-68F7-47D4-83A6-73D823519E73} = {29AEF161-06FB-4EE9-8FAD-58833D4F1509}
		{8AB5EB6A-F20D-49CB-8306-7DF57C3F2935} = {29AEF161-06FB-4EE9-8FAD-58833D4F1509}
	EndGlobalSection
	GlobalSection(ExtensibilityGlobals) = postSolution
		SolutionGuid = {86DA02F1-DA4A-479C-8969-28C1DD5B5729}
	EndGlobalSection
EndGlobal
